
Microsoft Visual Studio Solution File, Format Version 12.00
# Visual Studio 15
VisualStudioVersion = 15.0.27130.2020
MinimumVisualStudioVersion = 10.0.40219.1
Project("{FAE04EC0-301F-11D3-BF4B-00C04F79EFBC}") = "buttons", "buttons\buttons.csproj", "{E87D334F-19AC-4B5D-AE93-814B11FD0DB8}"
EndProject
Global
	GlobalSection(SolutionConfigurationPlatforms) = preSolution
		Debug|Any CPU = Debug|Any CPU
		Release|Any CPU = Release|Any CPU
	EndGlobalSection
	GlobalSection(ProjectConfigurationPlatforms) = postSolution
		{E87D334F-19AC-4B5D-AE93-814B11FD0DB8}.Debug|Any CPU.ActiveCfg = Debug|Any CPU
		{E87D334F-19AC-4B5D-AE93-814B11FD0DB8}.Debug|Any CPU.Build.0 = Debug|Any CPU
		{E87D334F-19AC-4B5D-AE93-814B11FD0DB8}.Release|Any CPU.ActiveCfg = Release|Any CPU
		{E87D334F-19AC-4B5D-AE93-814B11FD0DB8}.Release|Any CPU.Build.0 = Release|Any CPU
	EndGlobalSection
	GlobalSection(SolutionProperties) = preSolution
		HideSolutionNode = FALSE
	EndGlobalSection
	GlobalSection(ExtensibilityGlobals) = postSolution
		SolutionGuid = {619856FF-7195-4080-99BC-EF837CE83481}
	EndGlobalSection
EndGlobal
