
Microsoft Visual Studio Solution File, Format Version 12.00
# Visual Studio 15
VisualStudioVersion = 15.0.27130.2020
MinimumVisualStudioVersion = 10.0.40219.1
Project("{FAE04EC0-301F-11D3-BF4B-00C04F79EFBC}") = "3taskthree", "3taskthree\3taskthree.csproj", "{677768B8-9DB2-46DC-B546-63E080E4D217}"
EndProject
Global
	GlobalSection(SolutionConfigurationPlatforms) = preSolution
		Debug|Any CPU = Debug|Any CPU
		Release|Any CPU = Release|Any CPU
	EndGlobalSection
	GlobalSection(ProjectConfigurationPlatforms) = postSolution
		{677768B8-9DB2-46DC-B546-63E080E4D217}.Debug|Any CPU.ActiveCfg = Debug|Any CPU
		{677768B8-9DB2-46DC-B546-63E080E4D217}.Debug|Any CPU.Build.0 = Debug|Any CPU
		{677768B8-9DB2-46DC-B546-63E080E4D217}.Release|Any CPU.ActiveCfg = Release|Any CPU
		{677768B8-9DB2-46DC-B546-63E080E4D217}.Release|Any CPU.Build.0 = Release|Any CPU
	EndGlobalSection
	GlobalSection(SolutionProperties) = preSolution
		HideSolutionNode = FALSE
	EndGlobalSection
	GlobalSection(ExtensibilityGlobals) = postSolution
		SolutionGuid = {EB1859EF-EE7B-4B48-A609-8936CCD81A39}
	EndGlobalSection
EndGlobal
