
Microsoft Visual Studio Solution File, Format Version 12.00
# Visual Studio 15
VisualStudioVersion = 15.0.27130.2020
MinimumVisualStudioVersion = 10.0.40219.1
Project("{FAE04EC0-301F-11D3-BF4B-00C04F79EFBC}") = "polzunok", "polzunok\polzunok.csproj", "{04435963-F3A6-4A6C-A977-A9D626E09C86}"
EndProject
Global
	GlobalSection(SolutionConfigurationPlatforms) = preSolution
		Debug|Any CPU = Debug|Any CPU
		Release|Any CPU = Release|Any CPU
	EndGlobalSection
	GlobalSection(ProjectConfigurationPlatforms) = postSolution
		{04435963-F3A6-4A6C-A977-A9D626E09C86}.Debug|Any CPU.ActiveCfg = Debug|Any CPU
		{04435963-F3A6-4A6C-A977-A9D626E09C86}.Debug|Any CPU.Build.0 = Debug|Any CPU
		{04435963-F3A6-4A6C-A977-A9D626E09C86}.Release|Any CPU.ActiveCfg = Release|Any CPU
		{04435963-F3A6-4A6C-A977-A9D626E09C86}.Release|Any CPU.Build.0 = Release|Any CPU
	EndGlobalSection
	GlobalSection(SolutionProperties) = preSolution
		HideSolutionNode = FALSE
	EndGlobalSection
	GlobalSection(ExtensibilityGlobals) = postSolution
		SolutionGuid = {D7FBE637-F1A4-40E6-9525-8E3516902B42}
	EndGlobalSection
EndGlobal
