
Microsoft Visual Studio Solution File, Format Version 12.00
# Visual Studio 15
VisualStudioVersion = 15.0.27130.2020
MinimumVisualStudioVersion = 10.0.40219.1
Project("{FAE04EC0-301F-11D3-BF4B-00C04F79EFBC}") = "Rounds", "Rounds\Rounds.csproj", "{4FE10246-FE32-4EE8-ADED-DC57E2F3F997}"
EndProject
Global
	GlobalSection(SolutionConfigurationPlatforms) = preSolution
		Debug|Any CPU = Debug|Any CPU
		Release|Any CPU = Release|Any CPU
	EndGlobalSection
	GlobalSection(ProjectConfigurationPlatforms) = postSolution
		{4FE10246-FE32-4EE8-ADED-DC57E2F3F997}.Debug|Any CPU.ActiveCfg = Debug|Any CPU
		{4FE10246-FE32-4EE8-ADED-DC57E2F3F997}.Debug|Any CPU.Build.0 = Debug|Any CPU
		{4FE10246-FE32-4EE8-ADED-DC57E2F3F997}.Release|Any CPU.ActiveCfg = Release|Any CPU
		{4FE10246-FE32-4EE8-ADED-DC57E2F3F997}.Release|Any CPU.Build.0 = Release|Any CPU
	EndGlobalSection
	GlobalSection(SolutionProperties) = preSolution
		HideSolutionNode = FALSE
	EndGlobalSection
	GlobalSection(ExtensibilityGlobals) = postSolution
		SolutionGuid = {9001ABEA-8590-47A2-BEB0-7BCE14812504}
	EndGlobalSection
EndGlobal
