
Microsoft Visual Studio Solution File, Format Version 12.00
# Visual Studio 15
VisualStudioVersion = 15.0.27130.2020
MinimumVisualStudioVersion = 10.0.40219.1
Project("{FAE04EC0-301F-11D3-BF4B-00C04F79EFBC}") = "Paint", "Paint\Paint.csproj", "{5F476423-C6C5-490A-8CF4-2E4E65A7623D}"
EndProject
Global
	GlobalSection(SolutionConfigurationPlatforms) = preSolution
		Debug|Any CPU = Debug|Any CPU
		Release|Any CPU = Release|Any CPU
	EndGlobalSection
	GlobalSection(ProjectConfigurationPlatforms) = postSolution
		{5F476423-C6C5-490A-8CF4-2E4E65A7623D}.Debug|Any CPU.ActiveCfg = Debug|Any CPU
		{5F476423-C6C5-490A-8CF4-2E4E65A7623D}.Debug|Any CPU.Build.0 = Debug|Any CPU
		{5F476423-C6C5-490A-8CF4-2E4E65A7623D}.Release|Any CPU.ActiveCfg = Release|Any CPU
		{5F476423-C6C5-490A-8CF4-2E4E65A7623D}.Release|Any CPU.Build.0 = Release|Any CPU
	EndGlobalSection
	GlobalSection(SolutionProperties) = preSolution
		HideSolutionNode = FALSE
	EndGlobalSection
	GlobalSection(ExtensibilityGlobals) = postSolution
		SolutionGuid = {D4464DB7-0CB1-469F-90D6-EEB5CF0CCDF2}
	EndGlobalSection
EndGlobal
