
Microsoft Visual Studio Solution File, Format Version 12.00
# Visual Studio 15
VisualStudioVersion = 15.0.27130.2020
MinimumVisualStudioVersion = 10.0.40219.1
Project("{FAE04EC0-301F-11D3-BF4B-00C04F79EFBC}") = "Car", "Car\Car.csproj", "{AF447B3D-95BC-45F8-83C0-1797AE0481B9}"
EndProject
Global
	GlobalSection(SolutionConfigurationPlatforms) = preSolution
		Debug|Any CPU = Debug|Any CPU
		Release|Any CPU = Release|Any CPU
	EndGlobalSection
	GlobalSection(ProjectConfigurationPlatforms) = postSolution
		{AF447B3D-95BC-45F8-83C0-1797AE0481B9}.Debug|Any CPU.ActiveCfg = Debug|Any CPU
		{AF447B3D-95BC-45F8-83C0-1797AE0481B9}.Debug|Any CPU.Build.0 = Debug|Any CPU
		{AF447B3D-95BC-45F8-83C0-1797AE0481B9}.Release|Any CPU.ActiveCfg = Release|Any CPU
		{AF447B3D-95BC-45F8-83C0-1797AE0481B9}.Release|Any CPU.Build.0 = Release|Any CPU
	EndGlobalSection
	GlobalSection(SolutionProperties) = preSolution
		HideSolutionNode = FALSE
	EndGlobalSection
	GlobalSection(ExtensibilityGlobals) = postSolution
		SolutionGuid = {2F949784-B641-4F57-9F33-8944813270C4}
	EndGlobalSection
EndGlobal
