
Microsoft Visual Studio Solution File, Format Version 12.00
# Visual Studio 15
VisualStudioVersion = 15.0.27130.2020
MinimumVisualStudioVersion = 10.0.40219.1
Project("{FAE04EC0-301F-11D3-BF4B-00C04F79EFBC}") = "4taskfour", "4taskfour\4taskfour.csproj", "{08AC8E16-8930-4C71-BA92-533E541068A3}"
EndProject
Global
	GlobalSection(SolutionConfigurationPlatforms) = preSolution
		Debug|Any CPU = Debug|Any CPU
		Release|Any CPU = Release|Any CPU
	EndGlobalSection
	GlobalSection(ProjectConfigurationPlatforms) = postSolution
		{08AC8E16-8930-4C71-BA92-533E541068A3}.Debug|Any CPU.ActiveCfg = Debug|Any CPU
		{08AC8E16-8930-4C71-BA92-533E541068A3}.Debug|Any CPU.Build.0 = Debug|Any CPU
		{08AC8E16-8930-4C71-BA92-533E541068A3}.Release|Any CPU.ActiveCfg = Release|Any CPU
		{08AC8E16-8930-4C71-BA92-533E541068A3}.Release|Any CPU.Build.0 = Release|Any CPU
	EndGlobalSection
	GlobalSection(SolutionProperties) = preSolution
		HideSolutionNode = FALSE
	EndGlobalSection
	GlobalSection(ExtensibilityGlobals) = postSolution
		SolutionGuid = {2BA13E99-0B7A-4A9F-A114-BEB3CE1BD484}
	EndGlobalSection
EndGlobal
