
Microsoft Visual Studio Solution File, Format Version 12.00
# Visual Studio 15
VisualStudioVersion = 15.0.27130.2020
MinimumVisualStudioVersion = 10.0.40219.1
Project("{FAE04EC0-301F-11D3-BF4B-00C04F79EFBC}") = "shop", "shop\shop.csproj", "{BE76F896-7D40-46E2-91D2-15F5DCFD788E}"
EndProject
Global
	GlobalSection(SolutionConfigurationPlatforms) = preSolution
		Debug|Any CPU = Debug|Any CPU
		Release|Any CPU = Release|Any CPU
	EndGlobalSection
	GlobalSection(ProjectConfigurationPlatforms) = postSolution
		{BE76F896-7D40-46E2-91D2-15F5DCFD788E}.Debug|Any CPU.ActiveCfg = Debug|Any CPU
		{BE76F896-7D40-46E2-91D2-15F5DCFD788E}.Debug|Any CPU.Build.0 = Debug|Any CPU
		{BE76F896-7D40-46E2-91D2-15F5DCFD788E}.Release|Any CPU.ActiveCfg = Release|Any CPU
		{BE76F896-7D40-46E2-91D2-15F5DCFD788E}.Release|Any CPU.Build.0 = Release|Any CPU
	EndGlobalSection
	GlobalSection(SolutionProperties) = preSolution
		HideSolutionNode = FALSE
	EndGlobalSection
	GlobalSection(ExtensibilityGlobals) = postSolution
		SolutionGuid = {429A3F6B-8D27-42FE-A361-CFD98945BC5F}
	EndGlobalSection
EndGlobal
